
Microsoft Visual Studio Solution File, Format Version 12.00
# Visual Studio 2012
Project("{FAE04EC0-301F-11D3-BF4B-00C04F79EFBC}") = "FluidSimTester", "..\FluidSimTest\FluidSimTester\FluidSimTester.csproj", "{BE66592B-9C20-469C-94F4-FC755068B60A}"
EndProject
Project("{FAE04EC0-301F-11D3-BF4B-00C04F79EFBC}") = "FluidSimCore", "..\FluidSimCore\ClassLibrary1\FluidSimCore.csproj", "{645F4C6A-B6D7-4C36-B0BE-3E1CEB6D793B}"
EndProject
Global
	GlobalSection(SolutionConfigurationPlatforms) = preSolution
		Debug|Any CPU = Debug|Any CPU
		Release|Any CPU = Release|Any CPU
	EndGlobalSection
	GlobalSection(ProjectConfigurationPlatforms) = postSolution
		{BE66592B-9C20-469C-94F4-FC755068B60A}.Debug|Any CPU.ActiveCfg = Debug|Any CPU
		{BE66592B-9C20-469C-94F4-FC755068B60A}.Debug|Any CPU.Build.0 = Debug|Any CPU
		{BE66592B-9C20-469C-94F4-FC755068B60A}.Release|Any CPU.ActiveCfg = Release|Any CPU
		{BE66592B-9C20-469C-94F4-FC755068B60A}.Release|Any CPU.Build.0 = Release|Any CPU
		{645F4C6A-B6D7-4C36-B0BE-3E1CEB6D793B}.Debug|Any CPU.ActiveCfg = Debug|Any CPU
		{645F4C6A-B6D7-4C36-B0BE-3E1CEB6D793B}.Debug|Any CPU.Build.0 = Debug|Any CPU
		{645F4C6A-B6D7-4C36-B0BE-3E1CEB6D793B}.Release|Any CPU.ActiveCfg = Release|Any CPU
		{645F4C6A-B6D7-4C36-B0BE-3E1CEB6D793B}.Release|Any CPU.Build.0 = Release|Any CPU
	EndGlobalSection
	GlobalSection(SolutionProperties) = preSolution
		HideSolutionNode = FALSE
	EndGlobalSection
	GlobalSection(Performance) = preSolution
		HasPerformanceSessions = true
	EndGlobalSection
EndGlobal
